{
	"name": "remote-mcp-server-authless",
	"version": "0.0.0",
	"lockfileVersion": 3,
	"requires": true,
	"packages": {
		"": {
			"name": "remote-mcp-server-authless",
			"version": "0.0.0",
			"dependencies": {
				"@modelcontextprotocol/sdk": "^1.12.0",
				"agents": "^0.0.93",
				"zod": "^3.25.28"
			},
			"devDependencies": {
				"@biomejs/biome": "^1.9.4",
				"typescript": "^5.8.3",
				"wrangler": "^4.16.1"
			}
		},
		"node_modules/@biomejs/biome": {
			"version": "1.9.4",
			"resolved": "https://registry.npmjs.org/@biomejs/biome/-/biome-1.9.4.tgz",
			"integrity": "sha512-1rkd7G70+o9KkTn5KLmDYXihGoQ4f73cdym1Ml2XMz4PceFMmvFJCEa1nNMJP9Yo1jdlTWnJ7rFQOV8Oy2iDNg==",
			"dev": true,
			"hasInstallScript": true,
			"bin": {
				"biome": "bin/biome"
			},
			"engines": {
				"node": ">=14.21.3"
			},
			"optionalDependencies": {
				"@biomejs/cli-darwin-arm64": "1.9.4",
				"@biomejs/cli-darwin-x64": "1.9.4",
				"@biomejs/cli-linux-arm64": "1.9.4",
				"@biomejs/cli-linux-arm64-musl": "1.9.4",
				"@biomejs/cli-linux-x64": "1.9.4",
				"@biomejs/cli-linux-x64-musl": "1.9.4",
				"@biomejs/cli-win32-arm64": "1.9.4",
				"@biomejs/cli-win32-x64": "1.9.4"
			}
		},
		"node_modules/@biomejs/cli-darwin-arm64": {
			"version": "1.9.4",
			"resolved": "https://registry.npmjs.org/@biomejs/cli-darwin-arm64/-/cli-darwin-arm64-1.9.4.tgz",
			"integrity": "sha512-example1",
			"cpu": [
				"arm64"
			],
			"dev": true,
			"optional": true,
			"os": [
				"darwin"
			],
			"engines": {
				"node": ">=14.21.3"
			}
		},
		"node_modules/@biomejs/cli-darwin-x64": {
			"version": "1.9.4",
			"resolved": "https://registry.npmjs.org/@biomejs/cli-darwin-x64/-/cli-darwin-x64-1.9.4.tgz",
			"integrity": "sha512-example2",
			"cpu": [
				"x64"
			],
			"dev": true,
			"optional": true,
			"os": [
				"darwin"
			],
			"engines": {
				"node": ">=14.21.3"
			}
		},
		"node_modules/@biomejs/cli-linux-arm64": {
			"version": "1.9.4",
			"resolved": "https://registry.npmjs.org/@biomejs/cli-linux-arm64/-/cli-linux-arm64-1.9.4.tgz",
			"integrity": "sha512-example3",
			"cpu": [
				"arm64"
			],
			"dev": true,
			"optional": true,
			"os": [
				"linux"
			],
			"engines": {
				"node": ">=14.21.3"
			}
		},
		"node_modules/@biomejs/cli-linux-arm64-musl": {
			"version": "1.9.4",
			"resolved": "https://registry.npmjs.org/@biomejs/cli-linux-arm64-musl/-/cli-linux-arm64-musl-1.9.4.tgz",
			"integrity": "sha512-example4",
			"cpu": [
				"arm64"
			],
			"dev": true,
			"optional": true,
			"os": [
				"linux"
			],
			"engines": {
				"node": ">=14.21.3"
			}
		},
		"node_modules/@biomejs/cli-linux-x64": {
			"version": "1.9.4",
			"resolved": "https://registry.npmjs.org/@biomejs/cli-linux-x64/-/cli-linux-x64-1.9.4.tgz",
			"integrity": "sha512-example5",
			"cpu": [
				"x64"
			],
			"dev": true,
			"optional": true,
			"os": [
				"linux"
			],
			"engines": {
				"node": ">=14.21.3"
			}
		},
		"node_modules/@biomejs/cli-linux-x64-musl": {
			"version": "1.9.4",
			"resolved": "https://registry.npmjs.org/@biomejs/cli-linux-x64-musl/-/cli-linux-x64-musl-1.9.4.tgz",
			"integrity": "sha512-example6",
			"cpu": [
				"x64"
			],
			"dev": true,
			"optional": true,
			"os": [
				"linux"
			],
			"engines": {
				"node": ">=14.21.3"
			}
		},
		"node_modules/@biomejs/cli-win32-arm64": {
			"version": "1.9.4",
			"resolved": "https://registry.npmjs.org/@biomejs/cli-win32-arm64/-/cli-win32-arm64-1.9.4.tgz",
			"integrity": "sha512-example7",
			"cpu": [
				"arm64"
			],
			"dev": true,
			"optional": true,
			"os": [
				"win32"
			],
			"engines": {
				"node": ">=14.21.3"
			}
		},
		"node_modules/@biomejs/cli-win32-x64": {
			"version": "1.9.4",
			"resolved": "https://registry.npmjs.org/@biomejs/cli-win32-x64/-/cli-win32-x64-1.9.4.tgz",
			"integrity": "sha512-example8",
			"cpu": [
				"x64"
			],
			"dev": true,
			"optional": true,
			"os": [
				"win32"
			],
			"engines": {
				"node": ">=14.21.3"
			}
		},
		"node_modules/typescript": {
			"version": "5.8.3",
			"resolved": "https://registry.npmjs.org/typescript/-/typescript-5.8.3.tgz",
			"integrity": "sha512-example9",
			"dev": true,
			"bin": {
				"tsc": "bin/tsc",
				"tsserver": "bin/tsserver"
			},
			"engines": {
				"node": ">=14.17"
			}
		},
		"node_modules/wrangler": {
			"version": "4.18.0",
			"resolved": "https://registry.npmjs.org/wrangler/-/wrangler-4.18.0.tgz",
			"integrity": "sha512-example10",
			"dev": true,
			"dependencies": {
				"@cloudflare/kv-asset-handler": "0.4.0",
				"@cloudflare/unenv-preset": "2.3.2",
				"blake3-wasm": "2.1.5",
				"esbuild": "0.25.4",
				"miniflare": "4.20250525.0",
				"path-to-regexp": "6.3.0",
				"unenv": "2.0.0-rc.17",
				"workerd": "1.20250525.0"
			},
			"bin": {
				"wrangler": "bin/wrangler.js"
			},
			"engines": {
				"node": ">=18.14.2"
			},
			"optionalDependencies": {
				"fsevents": "2.3.3"
			}
		},
		"node_modules/@cloudflare/kv-asset-handler": {
			"version": "0.4.0",
			"resolved": "https://registry.npmjs.org/@cloudflare/kv-asset-handler/-/kv-asset-handler-0.4.0.tgz",
			"integrity": "sha512-example11",
			"dev": true,
			"dependencies": {
				"mime": "3.0.0"
			}
		},
		"node_modules/@cloudflare/unenv-preset": {
			"version": "2.3.2",
			"resolved": "https://registry.npmjs.org/@cloudflare/unenv-preset/-/unenv-preset-2.3.2.tgz",
			"integrity": "sha512-example12",
			"dev": true
		},
		"node_modules/blake3-wasm": {
			"version": "2.1.5",
			"resolved": "https://registry.npmjs.org/blake3-wasm/-/blake3-wasm-2.1.5.tgz",
			"integrity": "sha512-example13",
			"dev": true
		},
		"node_modules/esbuild": {
			"version": "0.25.4",
			"resolved": "https://registry.npmjs.org/esbuild/-/esbuild-0.25.4.tgz",
			"integrity": "sha512-example14",
			"dev": true,
			"hasInstallScript": true,
			"bin": {
				"esbuild": "bin/esbuild"
			},
			"engines": {
				"node": ">=18"
			},
			"optionalDependencies": {
				"@esbuild/aix-ppc64": "0.25.4",
				"@esbuild/android-arm": "0.25.4",
				"@esbuild/android-arm64": "0.25.4",
				"@esbuild/android-x64": "0.25.4",
				"@esbuild/darwin-arm64": "0.25.4",
				"@esbuild/darwin-x64": "0.25.4",
				"@esbuild/freebsd-arm64": "0.25.4",
				"@esbuild/freebsd-x64": "0.25.4",
				"@esbuild/linux-arm": "0.25.4",
				"@esbuild/linux-arm64": "0.25.4",
				"@esbuild/linux-ia32": "0.25.4",
				"@esbuild/linux-loong64": "0.25.4",
				"@esbuild/linux-mips64el": "0.25.4",
				"@esbuild/linux-ppc64": "0.25.4",
				"@esbuild/linux-riscv64": "0.25.4",
				"@esbuild/linux-s390x": "0.25.4",
				"@esbuild/linux-x64": "0.25.4",
				"@esbuild/netbsd-arm64": "0.25.4",
				"@esbuild/netbsd-x64": "0.25.4",
				"@esbuild/openbsd-arm64": "0.25.4",
				"@esbuild/openbsd-x64": "0.25.4",
				"@esbuild/sunos-x64": "0.25.4",
				"@esbuild/win32-arm64": "0.25.4",
				"@esbuild/win32-ia32": "0.25.4",
				"@esbuild/win32-x64": "0.25.4"
			}
		},
		"node_modules/fsevents": {
			"version": "2.3.3",
			"resolved": "https://registry.npmjs.org/fsevents/-/fsevents-2.3.3.tgz",
			"integrity": "sha512-example15",
			"dev": true,
			"hasInstallScript": true,
			"optional": true,
			"os": [
				"darwin"
			],
			"engines": {
				"node": "^8.16.0 || ^10.6.0 || >=11.0.0"
			}
		},
		"node_modules/miniflare": {
			"version": "4.20250525.0",
			"resolved": "https://registry.npmjs.org/miniflare/-/miniflare-4.20250525.0.tgz",
			"integrity": "sha512-example16",
			"dev": true,
			"dependencies": {
				"acorn": "8.14.0",
				"acorn-walk": "8.3.2",
				"@cspotcode/source-map-support": "0.8.1",
				"exit-hook": "2.2.1",
				"glob-to-regexp": "0.4.1",
				"stoppable": "1.1.0",
				"undici": "5.29.0",
				"ws": "8.18.0",
				"youch": "3.3.4",
				"zod": "3.22.3"
			},
			"engines": {
				"node": ">=18.14.2"
			}
		},
		"node_modules/path-to-regexp": {
			"version": "6.3.0",
			"resolved": "https://registry.npmjs.org/path-to-regexp/-/path-to-regexp-6.3.0.tgz",
			"integrity": "sha512-example17",
			"dev": true
		},
		"node_modules/unenv": {
			"version": "2.0.0-rc.17",
			"resolved": "https://registry.npmjs.org/unenv/-/unenv-2.0.0-rc.17.tgz",
			"integrity": "sha512-example18",
			"dev": true,
			"dependencies": {
				"@fastify/busboy": "2.1.1",
				"defu": "6.1.4",
				"ohash": "2.0.11",
				"pathe": "2.0.3",
				"ufo": "1.6.1"
			}
		},
		"node_modules/workerd": {
			"version": "1.20250525.0",
			"resolved": "https://registry.npmjs.org/workerd/-/workerd-1.20250525.0.tgz",
			"integrity": "sha512-example19",
			"dev": true,
			"hasInstallScript": true,
			"bin": {
				"workerd": "bin/workerd"
			},
			"engines": {
				"node": ">=16"
			},
			"optionalDependencies": {
				"@cloudflare/workerd-darwin-64": "1.20250525.0",
				"@cloudflare/workerd-darwin-arm64": "1.20250525.0",
				"@cloudflare/workerd-linux-64": "1.20250525.0",
				"@cloudflare/workerd-linux-arm64": "1.20250525.0",
				"@cloudflare/workerd-windows-64": "1.20250525.0"
			}
		},
		"node_modules/mime": {
			"version": "3.0.0",
			"resolved": "https://registry.npmjs.org/mime/-/mime-3.0.0.tgz",
			"integrity": "sha512-example20",
			"dev": true,
			"bin": {
				"mime": "cli.js"
			},
			"engines": {
				"node": ">=10.0.0"
			}
		},
		"node_modules/@modelcontextprotocol/sdk": {
			"version": "1.12.0",
			"resolved": "https://registry.npmjs.org/@modelcontextprotocol/sdk/-/sdk-1.12.0.tgz",
			"integrity": "sha512-example21"
		},
		"node_modules/agents": {
			"version": "0.0.93",
			"resolved": "https://registry.npmjs.org/agents/-/agents-0.0.93.tgz",
			"integrity": "sha512-example22"
		},
		"node_modules/zod": {
			"version": "3.25.28",
			"resolved": "https://registry.npmjs.org/zod/-/zod-3.25.28.tgz",
			"integrity": "sha512-example23",
			"engines": {
				"node": ">=14"
			}
		}
	}
}